<?xml version="1.0" encoding="UTF-8"?>
<Project ToolsVersion="15.0" xmlns="http://schemas.microsoft.com/developer/msbuild/2003">
  <ItemGroup>
    <ClCompile Include="C:\repositories\DifferedRenderer\src\main.cpp">
      <Filter>Source Files</Filter>
    </ClCompile>
    <ClCompile Include="C:\repositories\DifferedRenderer\src\edge.cpp">
      <Filter>Source Files</Filter>
    </ClCompile>
    <ClCompile Include="C:\repositories\DifferedRenderer\src\glCanvas.cpp">
      <Filter>Source Files</Filter>
    </ClCompile>
    <ClCompile Include="C:\repositories\DifferedRenderer\src\camera.cpp">
      <Filter>Source Files</Filter>
    </ClCompile>
    <ClCompile Include="C:\repositories\DifferedRenderer\src\mesh.cpp">
      <Filter>Source Files</Filter>
    </ClCompile>
    <ClCompile Include="C:\repositories\DifferedRenderer\src\render.cpp">
      <Filter>Source Files</Filter>
    </ClCompile>
    <ClCompile Include="C:\repositories\DifferedRenderer\src\boundingbox.cpp">
      <Filter>Source Files</Filter>
    </ClCompile>
    <ClCompile Include="C:\repositories\DifferedRenderer\src\utils.cpp">
      <Filter>Source Files</Filter>
    </ClCompile>
  </ItemGroup>
  <ItemGroup>
    <ClInclude Include="C:\repositories\DifferedRenderer\src\utils.h">
      <Filter>Header Files</Filter>
    </ClInclude>
    <ClInclude Include="C:\repositories\DifferedRenderer\src\argparser.h">
      <Filter>Header Files</Filter>
    </ClInclude>
    <ClInclude Include="C:\repositories\DifferedRenderer\src\camera.h">
      <Filter>Header Files</Filter>
    </ClInclude>
    <ClInclude Include="C:\repositories\DifferedRenderer\src\glCanvas.h">
      <Filter>Header Files</Filter>
    </ClInclude>
    <ClInclude Include="C:\repositories\DifferedRenderer\src\triangle.h">
      <Filter>Header Files</Filter>
    </ClInclude>
    <ClInclude Include="C:\repositories\DifferedRenderer\src\vertex.h">
      <Filter>Header Files</Filter>
    </ClInclude>
    <ClInclude Include="C:\repositories\DifferedRenderer\src\boundingbox.h">
      <Filter>Header Files</Filter>
    </ClInclude>
    <ClInclude Include="C:\repositories\DifferedRenderer\src\edge.h">
      <Filter>Header Files</Filter>
    </ClInclude>
    <ClInclude Include="C:\repositories\DifferedRenderer\src\hash.h">
      <Filter>Header Files</Filter>
    </ClInclude>
    <ClInclude Include="C:\repositories\DifferedRenderer\src\mesh.h">
      <Filter>Header Files</Filter>
    </ClInclude>
    <ClInclude Include="C:\repositories\DifferedRenderer\src\vbo_structs.h">
      <Filter>Header Files</Filter>
    </ClInclude>
  </ItemGroup>
  <ItemGroup>
    <CustomBuild Include="C:\repositories\DifferedRenderer\src\CMakeLists.txt" />
  </ItemGroup>
  <ItemGroup>
    <Filter Include="Source Files">
      <UniqueIdentifier>{556DFDD5-D446-36D4-AC04-8C17F6B0D53F}</UniqueIdentifier>
    </Filter>
    <Filter Include="Header Files">
      <UniqueIdentifier>{3F726B50-AC90-3EEC-967B-9B8CB148ACC7}</UniqueIdentifier>
    </Filter>
  </ItemGroup>
</Project>
